// !$*UTF8*$!
{
	archiveVersion = 1;
	classes = {
	};
	objectVersion = 56;
	objects = {

/* Begin PBXBuildFile section */
		4CA68E582A083BE40098E963 /* ArtistView.swift in Sources */ = {isa = PBXBuildFile; fileRef = 4CA68E572A083BE40098E963 /* ArtistView.swift */; };
		4CAB9AE929FDD81C005A9076 /* KujiraApp.swift in Sources */ = {isa = PBXBuildFile; fileRef = 4CAB9AE829FDD81C005A9076 /* KujiraApp.swift */; };
		4CAB9AEB29FDD81C005A9076 /* ContentView.swift in Sources */ = {isa = PBXBuildFile; fileRef = 4CAB9AEA29FDD81C005A9076 /* ContentView.swift */; };
		4CAB9AED29FDD81F005A9076 /* Assets.xcassets in Resources */ = {isa = PBXBuildFile; fileRef = 4CAB9AEC29FDD81F005A9076 /* Assets.xcassets */; };
		4CAB9AF129FDD81F005A9076 /* Preview Assets.xcassets in Resources */ = {isa = PBXBuildFile; fileRef = 4CAB9AF029FDD81F005A9076 /* Preview Assets.xcassets */; };
		4CAB9AFB29FDD81F005A9076 /* RegistrationViewModelTests.swift in Sources */ = {isa = PBXBuildFile; fileRef = 4CAB9AFA29FDD81F005A9076 /* RegistrationViewModelTests.swift */; };
		4CAB9B0529FDD81F005A9076 /* KujiraUITests.swift in Sources */ = {isa = PBXBuildFile; fileRef = 4CAB9B0429FDD81F005A9076 /* KujiraUITests.swift */; };
		4CAB9B0729FDD81F005A9076 /* KujiraUITestsLaunchTests.swift in Sources */ = {isa = PBXBuildFile; fileRef = 4CAB9B0629FDD81F005A9076 /* KujiraUITestsLaunchTests.swift */; };
		4CAB9B1529FDD8DF005A9076 /* ComposableArchitecture in Frameworks */ = {isa = PBXBuildFile; productRef = 4CAB9B1429FDD8DF005A9076 /* ComposableArchitecture */; };
/* End PBXBuildFile section */

/* Begin PBXContainerItemProxy section */
		4CAB9AF729FDD81F005A9076 /* PBXContainerItemProxy */ = {
			isa = PBXContainerItemProxy;
			containerPortal = 4CAB9ADD29FDD81C005A9076 /* Project object */;
			proxyType = 1;
			remoteGlobalIDString = 4CAB9AE429FDD81C005A9076;
			remoteInfo = Kujira;
		};
		4CAB9B0129FDD81F005A9076 /* PBXContainerItemProxy */ = {
			isa = PBXContainerItemProxy;
			containerPortal = 4CAB9ADD29FDD81C005A9076 /* Project object */;
			proxyType = 1;
			remoteGlobalIDString = 4CAB9AE429FDD81C005A9076;
			remoteInfo = Kujira;
		};
/* End PBXContainerItemProxy section */

/* Begin PBXFileReference section */
		4CA68E572A083BE40098E963 /* ArtistView.swift */ = {isa = PBXFileReference; lastKnownFileType = sourcecode.swift; path = ArtistView.swift; sourceTree = "<group>"; };
		4CAB9AE529FDD81C005A9076 /* Kujira.app */ = {isa = PBXFileReference; explicitFileType = wrapper.application; includeInIndex = 0; path = Kujira.app; sourceTree = BUILT_PRODUCTS_DIR; };
		4CAB9AE829FDD81C005A9076 /* KujiraApp.swift */ = {isa = PBXFileReference; lastKnownFileType = sourcecode.swift; path = KujiraApp.swift; sourceTree = "<group>"; };
		4CAB9AEA29FDD81C005A9076 /* ContentView.swift */ = {isa = PBXFileReference; lastKnownFileType = sourcecode.swift; path = ContentView.swift; sourceTree = "<group>"; };
		4CAB9AEC29FDD81F005A9076 /* Assets.xcassets */ = {isa = PBXFileReference; lastKnownFileType = folder.assetcatalog; path = Assets.xcassets; sourceTree = "<group>"; };
		4CAB9AEE29FDD81F005A9076 /* Kujira.entitlements */ = {isa = PBXFileReference; lastKnownFileType = text.plist.entitlements; path = Kujira.entitlements; sourceTree = "<group>"; };
		4CAB9AF029FDD81F005A9076 /* Preview Assets.xcassets */ = {isa = PBXFileReference; lastKnownFileType = folder.assetcatalog; path = "Preview Assets.xcassets"; sourceTree = "<group>"; };
		4CAB9AF629FDD81F005A9076 /* KujiraTests.xctest */ = {isa = PBXFileReference; explicitFileType = wrapper.cfbundle; includeInIndex = 0; path = KujiraTests.xctest; sourceTree = BUILT_PRODUCTS_DIR; };
		4CAB9AFA29FDD81F005A9076 /* RegistrationViewModelTests.swift */ = {isa = PBXFileReference; lastKnownFileType = sourcecode.swift; path = RegistrationViewModelTests.swift; sourceTree = "<group>"; };
		4CAB9B0029FDD81F005A9076 /* KujiraUITests.xctest */ = {isa = PBXFileReference; explicitFileType = wrapper.cfbundle; includeInIndex = 0; path = KujiraUITests.xctest; sourceTree = BUILT_PRODUCTS_DIR; };
		4CAB9B0429FDD81F005A9076 /* KujiraUITests.swift */ = {isa = PBXFileReference; lastKnownFileType = sourcecode.swift; path = KujiraUITests.swift; sourceTree = "<group>"; };
		4CAB9B0629FDD81F005A9076 /* KujiraUITestsLaunchTests.swift */ = {isa = PBXFileReference; lastKnownFileType = sourcecode.swift; path = KujiraUITestsLaunchTests.swift; sourceTree = "<group>"; };
/* End PBXFileReference section */

/* Begin PBXFrameworksBuildPhase section */
		4CAB9AE229FDD81C005A9076 /* Frameworks */ = {
			isa = PBXFrameworksBuildPhase;
			buildActionMask = 2147483647;
			files = (
				4CAB9B1529FDD8DF005A9076 /* ComposableArchitecture in Frameworks */,
			);
			runOnlyForDeploymentPostprocessing = 0;
		};
		4CAB9AF329FDD81F005A9076 /* Frameworks */ = {
			isa = PBXFrameworksBuildPhase;
			buildActionMask = 2147483647;
			files = (
			);
			runOnlyForDeploymentPostprocessing = 0;
		};
		4CAB9AFD29FDD81F005A9076 /* Frameworks */ = {
			isa = PBXFrameworksBuildPhase;
			buildActionMask = 2147483647;
			files = (
			);
			runOnlyForDeploymentPostprocessing = 0;
		};
/* End PBXFrameworksBuildPhase section */

/* Begin PBXGroup section */
		4CAB9ADC29FDD81C005A9076 = {
			isa = PBXGroup;
			children = (
				4CAB9AE729FDD81C005A9076 /* Kujira */,
				4CAB9AF929FDD81F005A9076 /* KujiraTests */,
				4CAB9B0329FDD81F005A9076 /* KujiraUITests */,
				4CAB9AE629FDD81C005A9076 /* Products */,
			);
			sourceTree = "<group>";
		};
		4CAB9AE629FDD81C005A9076 /* Products */ = {
			isa = PBXGroup;
			children = (
				4CAB9AE529FDD81C005A9076 /* Kujira.app */,
				4CAB9AF629FDD81F005A9076 /* KujiraTests.xctest */,
				4CAB9B0029FDD81F005A9076 /* KujiraUITests.xctest */,
			);
			name = Products;
			sourceTree = "<group>";
		};
		4CAB9AE729FDD81C005A9076 /* Kujira */ = {
			isa = PBXGroup;
			children = (
				4CAB9AE829FDD81C005A9076 /* KujiraApp.swift */,
				4CAB9AEA29FDD81C005A9076 /* ContentView.swift */,
				4CA68E572A083BE40098E963 /* ArtistView.swift */,
				4CAB9AEC29FDD81F005A9076 /* Assets.xcassets */,
				4CAB9AEE29FDD81F005A9076 /* Kujira.entitlements */,
				4CAB9AEF29FDD81F005A9076 /* Preview Content */,
			);
			path = Kujira;
			sourceTree = "<group>";
		};
		4CAB9AEF29FDD81F005A9076 /* Preview Content */ = {
			isa = PBXGroup;
			children = (
				4CAB9AF029FDD81F005A9076 /* Preview Assets.xcassets */,
			);
			path = "Preview Content";
			sourceTree = "<group>";
		};
		4CAB9AF929FDD81F005A9076 /* KujiraTests */ = {
			isa = PBXGroup;
			children = (
				4CAB9AFA29FDD81F005A9076 /* RegistrationViewModelTests.swift */,
			);
			path = KujiraTests;
			sourceTree = "<group>";
		};
		4CAB9B0329FDD81F005A9076 /* KujiraUITests */ = {
			isa = PBXGroup;
			children = (
				4CAB9B0429FDD81F005A9076 /* KujiraUITests.swift */,
				4CAB9B0629FDD81F005A9076 /* KujiraUITestsLaunchTests.swift */,
			);
			path = KujiraUITests;
			sourceTree = "<group>";
		};
/* End PBXGroup section */

/* Begin PBXNativeTarget section */
		4CAB9AE429FDD81C005A9076 /* Kujira */ = {
			isa = PBXNativeTarget;
			buildConfigurationList = 4CAB9B0A29FDD81F005A9076 /* Build configuration list for PBXNativeTarget "Kujira" */;
			buildPhases = (
				4CAB9AE129FDD81C005A9076 /* Sources */,
				4CAB9AE229FDD81C005A9076 /* Frameworks */,
				4CAB9AE329FDD81C005A9076 /* Resources */,
			);
			buildRules = (
			);
			dependencies = (
			);
			name = Kujira;
			packageProductDependencies = (
				4CAB9B1429FDD8DF005A9076 /* ComposableArchitecture */,
			);
			productName = Kujira;
			productReference = 4CAB9AE529FDD81C005A9076 /* Kujira.app */;
			productType = "com.apple.product-type.application";
		};
		4CAB9AF529FDD81F005A9076 /* KujiraTests */ = {
			isa = PBXNativeTarget;
			buildConfigurationList = 4CAB9B0D29FDD81F005A9076 /* Build configuration list for PBXNativeTarget "KujiraTests" */;
			buildPhases = (
				4CAB9AF229FDD81F005A9076 /* Sources */,
				4CAB9AF329FDD81F005A9076 /* Frameworks */,
				4CAB9AF429FDD81F005A9076 /* Resources */,
			);
			buildRules = (
			);
			dependencies = (
				4CAB9AF829FDD81F005A9076 /* PBXTargetDependency */,
			);
			name = KujiraTests;
			productName = KujiraTests;
			productReference = 4CAB9AF629FDD81F005A9076 /* KujiraTests.xctest */;
			productType = "com.apple.product-type.bundle.unit-test";
		};
		4CAB9AFF29FDD81F005A9076 /* KujiraUITests */ = {
			isa = PBXNativeTarget;
			buildConfigurationList = 4CAB9B1029FDD81F005A9076 /* Build configuration list for PBXNativeTarget "KujiraUITests" */;
			buildPhases = (
				4CAB9AFC29FDD81F005A9076 /* Sources */,
				4CAB9AFD29FDD81F005A9076 /* Frameworks */,
				4CAB9AFE29FDD81F005A9076 /* Resources */,
			);
			buildRules = (
			);
			dependencies = (
				4CAB9B0229FDD81F005A9076 /* PBXTargetDependency */,
			);
			name = KujiraUITests;
			productName = KujiraUITests;
			productReference = 4CAB9B0029FDD81F005A9076 /* KujiraUITests.xctest */;
			productType = "com.apple.product-type.bundle.ui-testing";
		};
/* End PBXNativeTarget section */

/* Begin PBXProject section */
		4CAB9ADD29FDD81C005A9076 /* Project object */ = {
			isa = PBXProject;
			attributes = {
				BuildIndependentTargetsInParallel = 1;
				LastSwiftUpdateCheck = 1430;
				LastUpgradeCheck = 1430;
				TargetAttributes = {
					4CAB9AE429FDD81C005A9076 = {
						CreatedOnToolsVersion = 14.3;
					};
					4CAB9AF529FDD81F005A9076 = {
						CreatedOnToolsVersion = 14.3;
						TestTargetID = 4CAB9AE429FDD81C005A9076;
					};
					4CAB9AFF29FDD81F005A9076 = {
						CreatedOnToolsVersion = 14.3;
						TestTargetID = 4CAB9AE429FDD81C005A9076;
					};
				};
			};
			buildConfigurationList = 4CAB9AE029FDD81C005A9076 /* Build configuration list for PBXProject "Kujira" */;
			compatibilityVersion = "Xcode 14.0";
			developmentRegion = en;
			hasScannedForEncodings = 0;
			knownRegions = (
				en,
				Base,
			);
			mainGroup = 4CAB9ADC29FDD81C005A9076;
			packageReferences = (
				4CAB9B1329FDD8DF005A9076 /* XCRemoteSwiftPackageReference "swift-composable-architecture" */,
			);
			productRefGroup = 4CAB9AE629FDD81C005A9076 /* Products */;
			projectDirPath = "";
			projectRoot = "";
			targets = (
				4CAB9AE429FDD81C005A9076 /* Kujira */,
				4CAB9AF529FDD81F005A9076 /* KujiraTests */,
				4CAB9AFF29FDD81F005A9076 /* KujiraUITests */,
			);
		};
/* End PBXProject section */

/* Begin PBXResourcesBuildPhase section */
		4CAB9AE329FDD81C005A9076 /* Resources */ = {
			isa = PBXResourcesBuildPhase;
			buildActionMask = 2147483647;
			files = (
				4CAB9AF129FDD81F005A9076 /* Preview Assets.xcassets in Resources */,
				4CAB9AED29FDD81F005A9076 /* Assets.xcassets in Resources */,
			);
			runOnlyForDeploymentPostprocessing = 0;
		};
		4CAB9AF429FDD81F005A9076 /* Resources */ = {
			isa = PBXResourcesBuildPhase;
			buildActionMask = 2147483647;
			files = (
			);
			runOnlyForDeploymentPostprocessing = 0;
		};
		4CAB9AFE29FDD81F005A9076 /* Resources */ = {
			isa = PBXResourcesBuildPhase;
			buildActionMask = 2147483647;
			files = (
			);
			runOnlyForDeploymentPostprocessing = 0;
		};
/* End PBXResourcesBuildPhase section */

/* Begin PBXSourcesBuildPhase section */
		4CAB9AE129FDD81C005A9076 /* Sources */ = {
			isa = PBXSourcesBuildPhase;
			buildActionMask = 2147483647;
			files = (
				4CAB9AEB29FDD81C005A9076 /* ContentView.swift in Sources */,
				4CAB9AE929FDD81C005A9076 /* KujiraApp.swift in Sources */,
				4CA68E582A083BE40098E963 /* ArtistView.swift in Sources */,
			);
			runOnlyForDeploymentPostprocessing = 0;
		};
		4CAB9AF229FDD81F005A9076 /* Sources */ = {
			isa = PBXSourcesBuildPhase;
			buildActionMask = 2147483647;
			files = (
				4CAB9AFB29FDD81F005A9076 /* RegistrationViewModelTests.swift in Sources */,
			);
			runOnlyForDeploymentPostprocessing = 0;
		};
		4CAB9AFC29FDD81F005A9076 /* Sources */ = {
			isa = PBXSourcesBuildPhase;
			buildActionMask = 2147483647;
			files = (
				4CAB9B0729FDD81F005A9076 /* KujiraUITestsLaunchTests.swift in Sources */,
				4CAB9B0529FDD81F005A9076 /* KujiraUITests.swift in Sources */,
			);
			runOnlyForDeploymentPostprocessing = 0;
		};
/* End PBXSourcesBuildPhase section */

/* Begin PBXTargetDependency section */
		4CAB9AF829FDD81F005A9076 /* PBXTargetDependency */ = {
			isa = PBXTargetDependency;
			target = 4CAB9AE429FDD81C005A9076 /* Kujira */;
			targetProxy = 4CAB9AF729FDD81F005A9076 /* PBXContainerItemProxy */;
		};
		4CAB9B0229FDD81F005A9076 /* PBXTargetDependency */ = {
			isa = PBXTargetDependency;
			target = 4CAB9AE429FDD81C005A9076 /* Kujira */;
			targetProxy = 4CAB9B0129FDD81F005A9076 /* PBXContainerItemProxy */;
		};
/* End PBXTargetDependency section */

/* Begin XCBuildConfiguration section */
		4CAB9B0829FDD81F005A9076 /* Debug */ = {
			isa = XCBuildConfiguration;
			buildSettings = {
				ALWAYS_SEARCH_USER_PATHS = NO;
				CLANG_ANALYZER_NONNULL = YES;
				CLANG_ANALYZER_NUMBER_OBJECT_CONVERSION = YES_AGGRESSIVE;
				CLANG_CXX_LANGUAGE_STANDARD = "gnu++20";
				CLANG_ENABLE_MODULES = YES;
				CLANG_ENABLE_OBJC_ARC = YES;
				CLANG_ENABLE_OBJC_WEAK = YES;
				CLANG_WARN_BLOCK_CAPTURE_AUTORELEASING = YES;
				CLANG_WARN_BOOL_CONVERSION = YES;
				CLANG_WARN_COMMA = YES;
				CLANG_WARN_CONSTANT_CONVERSION = YES;
				CLANG_WARN_DEPRECATED_OBJC_IMPLEMENTATIONS = YES;
				CLANG_WARN_DIRECT_OBJC_ISA_USAGE = YES_ERROR;
				CLANG_WARN_DOCUMENTATION_COMMENTS = YES;
				CLANG_WARN_EMPTY_BODY = YES;
				CLANG_WARN_ENUM_CONVERSION = YES;
				CLANG_WARN_INFINITE_RECURSION = YES;
				CLANG_WARN_INT_CONVERSION = YES;
				CLANG_WARN_NON_LITERAL_NULL_CONVERSION = YES;
				CLANG_WARN_OBJC_IMPLICIT_RETAIN_SELF = YES;
				CLANG_WARN_OBJC_LITERAL_CONVERSION = YES;
				CLANG_WARN_OBJC_ROOT_CLASS = YES_ERROR;
				CLANG_WARN_QUOTED_INCLUDE_IN_FRAMEWORK_HEADER = YES;
				CLANG_WARN_RANGE_LOOP_ANALYSIS = YES;
				CLANG_WARN_STRICT_PROTOTYPES = YES;
				CLANG_WARN_SUSPICIOUS_MOVE = YES;
				CLANG_WARN_UNGUARDED_AVAILABILITY = YES_AGGRESSIVE;
				CLANG_WARN_UNREACHABLE_CODE = YES;
				CLANG_WARN__DUPLICATE_METHOD_MATCH = YES;
				COPY_PHASE_STRIP = NO;
				DEBUG_INFORMATION_FORMAT = dwarf;
				ENABLE_STRICT_OBJC_MSGSEND = YES;
				ENABLE_TESTABILITY = YES;
				GCC_C_LANGUAGE_STANDARD = gnu11;
				GCC_DYNAMIC_NO_PIC = NO;
				GCC_NO_COMMON_BLOCKS = YES;
				GCC_OPTIMIZATION_LEVEL = 0;
				GCC_PREPROCESSOR_DEFINITIONS = (
					"DEBUG=1",
					"$(inherited)",
				);
				GCC_WARN_64_TO_32_BIT_CONVERSION = YES;
				GCC_WARN_ABOUT_RETURN_TYPE = YES_ERROR;
				GCC_WARN_UNDECLARED_SELECTOR = YES;
				GCC_WARN_UNINITIALIZED_AUTOS = YES_AGGRESSIVE;
				GCC_WARN_UNUSED_FUNCTION = YES;
				GCC_WARN_UNUSED_VARIABLE = YES;
				MTL_ENABLE_DEBUG_INFO = INCLUDE_SOURCE;
				MTL_FAST_MATH = YES;
				ONLY_ACTIVE_ARCH = YES;
				SWIFT_ACTIVE_COMPILATION_CONDITIONS = DEBUG;
				SWIFT_OPTIMIZATION_LEVEL = "-Onone";
			};
			name = Debug;
		};
		4CAB9B0929FDD81F005A9076 /* Release */ = {
			isa = XCBuildConfiguration;
			buildSettings = {
				ALWAYS_SEARCH_USER_PATHS = NO;
				CLANG_ANALYZER_NONNULL = YES;
				CLANG_ANALYZER_NUMBER_OBJECT_CONVERSION = YES_AGGRESSIVE;
				CLANG_CXX_LANGUAGE_STANDARD = "gnu++20";
				CLANG_ENABLE_MODULES = YES;
				CLANG_ENABLE_OBJC_ARC = YES;
				CLANG_ENABLE_OBJC_WEAK = YES;
				CLANG_WARN_BLOCK_CAPTURE_AUTORELEASING = YES;
				CLANG_WARN_BOOL_CONVERSION = YES;
				CLANG_WARN_COMMA = YES;
				CLANG_WARN_CONSTANT_CONVERSION = YES;
				CLANG_WARN_DEPRECATED_OBJC_IMPLEMENTATIONS = YES;
				CLANG_WARN_DIRECT_OBJC_ISA_USAGE = YES_ERROR;
				CLANG_WARN_DOCUMENTATION_COMMENTS = YES;
				CLANG_WARN_EMPTY_BODY = YES;
				CLANG_WARN_ENUM_CONVERSION = YES;
				CLANG_WARN_INFINITE_RECURSION = YES;
				CLANG_WARN_INT_CONVERSION = YES;
				CLANG_WARN_NON_LITERAL_NULL_CONVERSION = YES;
				CLANG_WARN_OBJC_IMPLICIT_RETAIN_SELF = YES;
				CLANG_WARN_OBJC_LITERAL_CONVERSION = YES;
				CLANG_WARN_OBJC_ROOT_CLASS = YES_ERROR;
				CLANG_WARN_QUOTED_INCLUDE_IN_FRAMEWORK_HEADER = YES;
				CLANG_WARN_RANGE_LOOP_ANALYSIS = YES;
				CLANG_WARN_STRICT_PROTOTYPES = YES;
				CLANG_WARN_SUSPICIOUS_MOVE = YES;
				CLANG_WARN_UNGUARDED_AVAILABILITY = YES_AGGRESSIVE;
				CLANG_WARN_UNREACHABLE_CODE = YES;
				CLANG_WARN__DUPLICATE_METHOD_MATCH = YES;
				COPY_PHASE_STRIP = NO;
				DEBUG_INFORMATION_FORMAT = "dwarf-with-dsym";
				ENABLE_NS_ASSERTIONS = NO;
				ENABLE_STRICT_OBJC_MSGSEND = YES;
				GCC_C_LANGUAGE_STANDARD = gnu11;
				GCC_NO_COMMON_BLOCKS = YES;
				GCC_WARN_64_TO_32_BIT_CONVERSION = YES;
				GCC_WARN_ABOUT_RETURN_TYPE = YES_ERROR;
				GCC_WARN_UNDECLARED_SELECTOR = YES;
				GCC_WARN_UNINITIALIZED_AUTOS = YES_AGGRESSIVE;
				GCC_WARN_UNUSED_FUNCTION = YES;
				GCC_WARN_UNUSED_VARIABLE = YES;
				MTL_ENABLE_DEBUG_INFO = NO;
				MTL_FAST_MATH = YES;
				SWIFT_COMPILATION_MODE = wholemodule;
				SWIFT_OPTIMIZATION_LEVEL = "-O";
			};
			name = Release;
		};
		4CAB9B0B29FDD81F005A9076 /* Debug */ = {
			isa = XCBuildConfiguration;
			buildSettings = {
				ASSETCATALOG_COMPILER_APPICON_NAME = AppIcon;
				ASSETCATALOG_COMPILER_GLOBAL_ACCENT_COLOR_NAME = AccentColor;
				CODE_SIGN_ENTITLEMENTS = Kujira/Kujira.entitlements;
				CODE_SIGN_STYLE = Automatic;
				CURRENT_PROJECT_VERSION = 1;
				DEVELOPMENT_ASSET_PATHS = "\"Kujira/Preview Content\"";
				DEVELOPMENT_TEAM = 99WCQ4V7AC;
				ENABLE_HARDENED_RUNTIME = YES;
				ENABLE_PREVIEWS = YES;
				GENERATE_INFOPLIST_FILE = YES;
				"INFOPLIST_KEY_UIApplicationSceneManifest_Generation[sdk=iphoneos*]" = YES;
				"INFOPLIST_KEY_UIApplicationSceneManifest_Generation[sdk=iphonesimulator*]" = YES;
				"INFOPLIST_KEY_UIApplicationSupportsIndirectInputEvents[sdk=iphoneos*]" = YES;
				"INFOPLIST_KEY_UIApplicationSupportsIndirectInputEvents[sdk=iphonesimulator*]" = YES;
				"INFOPLIST_KEY_UILaunchScreen_Generation[sdk=iphoneos*]" = YES;
				"INFOPLIST_KEY_UILaunchScreen_Generation[sdk=iphonesimulator*]" = YES;
				"INFOPLIST_KEY_UIStatusBarStyle[sdk=iphoneos*]" = UIStatusBarStyleDefault;
				"INFOPLIST_KEY_UIStatusBarStyle[sdk=iphonesimulator*]" = UIStatusBarStyleDefault;
				INFOPLIST_KEY_UISupportedInterfaceOrientations_iPad = "UIInterfaceOrientationPortrait UIInterfaceOrientationPortraitUpsideDown UIInterfaceOrientationLandscapeLeft UIInterfaceOrientationLandscapeRight";
				INFOPLIST_KEY_UISupportedInterfaceOrientations_iPhone = "UIInterfaceOrientationPortrait UIInterfaceOrientationLandscapeLeft UIInterfaceOrientationLandscapeRight";
				IPHONEOS_DEPLOYMENT_TARGET = 16.4;
				LD_RUNPATH_SEARCH_PATHS = "@executable_path/Frameworks";
				"LD_RUNPATH_SEARCH_PATHS[sdk=macosx*]" = "@executable_path/../Frameworks";
				MACOSX_DEPLOYMENT_TARGET = 13.2;
				MARKETING_VERSION = 1.0;
				PRODUCT_BUNDLE_IDENTIFIER = weilunsu.com.Kujira;
				PRODUCT_NAME = "$(TARGET_NAME)";
				SDKROOT = auto;
				SUPPORTED_PLATFORMS = "iphoneos iphonesimulator macosx";
				SWIFT_EMIT_LOC_STRINGS = YES;
				SWIFT_VERSION = 5.0;
				TARGETED_DEVICE_FAMILY = "1,2";
			};
			name = Debug;
		};
		4CAB9B0C29FDD81F005A9076 /* Release */ = {
			isa = XCBuildConfiguration;
			buildSettings = {
				ASSETCATALOG_COMPILER_APPICON_NAME = AppIcon;
				ASSETCATALOG_COMPILER_GLOBAL_ACCENT_COLOR_NAME = AccentColor;
				CODE_SIGN_ENTITLEMENTS = Kujira/Kujira.entitlements;
				CODE_SIGN_STYLE = Automatic;
				CURRENT_PROJECT_VERSION = 1;
				DEVELOPMENT_ASSET_PATHS = "\"Kujira/Preview Content\"";
				DEVELOPMENT_TEAM = 99WCQ4V7AC;
				ENABLE_HARDENED_RUNTIME = YES;
				ENABLE_PREVIEWS = YES;
				GENERATE_INFOPLIST_FILE = YES;
				"INFOPLIST_KEY_UIApplicationSceneManifest_Generation[sdk=iphoneos*]" = YES;
				"INFOPLIST_KEY_UIApplicationSceneManifest_Generation[sdk=iphonesimulator*]" = YES;
				"INFOPLIST_KEY_UIApplicationSupportsIndirectInputEvents[sdk=iphoneos*]" = YES;
				"INFOPLIST_KEY_UIApplicationSupportsIndirectInputEvents[sdk=iphonesimulator*]" = YES;
				"INFOPLIST_KEY_UILaunchScreen_Generation[sdk=iphoneos*]" = YES;
				"INFOPLIST_KEY_UILaunchScreen_Generation[sdk=iphonesimulator*]" = YES;
				"INFOPLIST_KEY_UIStatusBarStyle[sdk=iphoneos*]" = UIStatusBarStyleDefault;
				"INFOPLIST_KEY_UIStatusBarStyle[sdk=iphonesimulator*]" = UIStatusBarStyleDefault;
				INFOPLIST_KEY_UISupportedInterfaceOrientations_iPad = "UIInterfaceOrientationPortrait UIInterfaceOrientationPortraitUpsideDown UIInterfaceOrientationLandscapeLeft UIInterfaceOrientationLandscapeRight";
				INFOPLIST_KEY_UISupportedInterfaceOrientations_iPhone = "UIInterfaceOrientationPortrait UIInterfaceOrientationLandscapeLeft UIInterfaceOrientationLandscapeRight";
				IPHONEOS_DEPLOYMENT_TARGET = 16.4;
				LD_RUNPATH_SEARCH_PATHS = "@executable_path/Frameworks";
				"LD_RUNPATH_SEARCH_PATHS[sdk=macosx*]" = "@executable_path/../Frameworks";
				MACOSX_DEPLOYMENT_TARGET = 13.2;
				MARKETING_VERSION = 1.0;
				PRODUCT_BUNDLE_IDENTIFIER = weilunsu.com.Kujira;
				PRODUCT_NAME = "$(TARGET_NAME)";
				SDKROOT = auto;
				SUPPORTED_PLATFORMS = "iphoneos iphonesimulator macosx";
				SWIFT_EMIT_LOC_STRINGS = YES;
				SWIFT_VERSION = 5.0;
				TARGETED_DEVICE_FAMILY = "1,2";
			};
			name = Release;
		};
		4CAB9B0E29FDD81F005A9076 /* Debug */ = {
			isa = XCBuildConfiguration;
			buildSettings = {
				ALWAYS_EMBED_SWIFT_STANDARD_LIBRARIES = YES;
				BUNDLE_LOADER = "$(TEST_HOST)";
				CODE_SIGN_STYLE = Automatic;
				CURRENT_PROJECT_VERSION = 1;
				DEVELOPMENT_TEAM = 99WCQ4V7AC;
				GENERATE_INFOPLIST_FILE = YES;
				IPHONEOS_DEPLOYMENT_TARGET = 16.4;
				MACOSX_DEPLOYMENT_TARGET = 13.2;
				MARKETING_VERSION = 1.0;
				PRODUCT_BUNDLE_IDENTIFIER = weilunsu.com.KujiraTests;
				PRODUCT_NAME = "$(TARGET_NAME)";
				SDKROOT = auto;
				SUPPORTED_PLATFORMS = "iphoneos iphonesimulator macosx";
				SWIFT_EMIT_LOC_STRINGS = NO;
				SWIFT_VERSION = 5.0;
				TARGETED_DEVICE_FAMILY = "1,2";
				TEST_HOST = "$(BUILT_PRODUCTS_DIR)/Kujira.app/$(BUNDLE_EXECUTABLE_FOLDER_PATH)/Kujira";
			};
			name = Debug;
		};
		4CAB9B0F29FDD81F005A9076 /* Release */ = {
			isa = XCBuildConfiguration;
			buildSettings = {
				ALWAYS_EMBED_SWIFT_STANDARD_LIBRARIES = YES;
				BUNDLE_LOADER = "$(TEST_HOST)";
				CODE_SIGN_STYLE = Automatic;
				CURRENT_PROJECT_VERSION = 1;
				DEVELOPMENT_TEAM = 99WCQ4V7AC;
				GENERATE_INFOPLIST_FILE = YES;
				IPHONEOS_DEPLOYMENT_TARGET = 16.4;
				MACOSX_DEPLOYMENT_TARGET = 13.2;
				MARKETING_VERSION = 1.0;
				PRODUCT_BUNDLE_IDENTIFIER = weilunsu.com.KujiraTests;
				PRODUCT_NAME = "$(TARGET_NAME)";
				SDKROOT = auto;
				SUPPORTED_PLATFORMS = "iphoneos iphonesimulator macosx";
				SWIFT_EMIT_LOC_STRINGS = NO;
				SWIFT_VERSION = 5.0;
				TARGETED_DEVICE_FAMILY = "1,2";
				TEST_HOST = "$(BUILT_PRODUCTS_DIR)/Kujira.app/$(BUNDLE_EXECUTABLE_FOLDER_PATH)/Kujira";
			};
			name = Release;
		};
		4CAB9B1129FDD81F005A9076 /* Debug */ = {
			isa = XCBuildConfiguration;
			buildSettings = {
				ALWAYS_EMBED_SWIFT_STANDARD_LIBRARIES = YES;
				CODE_SIGN_STYLE = Automatic;
				CURRENT_PROJECT_VERSION = 1;
				DEVELOPMENT_TEAM = 99WCQ4V7AC;
				GENERATE_INFOPLIST_FILE = YES;
				IPHONEOS_DEPLOYMENT_TARGET = 16.4;
				MACOSX_DEPLOYMENT_TARGET = 13.2;
				MARKETING_VERSION = 1.0;
				PRODUCT_BUNDLE_IDENTIFIER = weilunsu.com.KujiraUITests;
				PRODUCT_NAME = "$(TARGET_NAME)";
				SDKROOT = auto;
				SUPPORTED_PLATFORMS = "iphoneos iphonesimulator macosx";
				SWIFT_EMIT_LOC_STRINGS = NO;
				SWIFT_VERSION = 5.0;
				TARGETED_DEVICE_FAMILY = "1,2";
				TEST_TARGET_NAME = Kujira;
			};
			name = Debug;
		};
		4CAB9B1229FDD81F005A9076 /* Release */ = {
			isa = XCBuildConfiguration;
			buildSettings = {
				ALWAYS_EMBED_SWIFT_STANDARD_LIBRARIES = YES;
				CODE_SIGN_STYLE = Automatic;
				CURRENT_PROJECT_VERSION = 1;
				DEVELOPMENT_TEAM = 99WCQ4V7AC;
				GENERATE_INFOPLIST_FILE = YES;
				IPHONEOS_DEPLOYMENT_TARGET = 16.4;
				MACOSX_DEPLOYMENT_TARGET = 13.2;
				MARKETING_VERSION = 1.0;
				PRODUCT_BUNDLE_IDENTIFIER = weilunsu.com.KujiraUITests;
				PRODUCT_NAME = "$(TARGET_NAME)";
				SDKROOT = auto;
				SUPPORTED_PLATFORMS = "iphoneos iphonesimulator macosx";
				SWIFT_EMIT_LOC_STRINGS = NO;
				SWIFT_VERSION = 5.0;
				TARGETED_DEVICE_FAMILY = "1,2";
				TEST_TARGET_NAME = Kujira;
			};
			name = Release;
		};
/* End XCBuildConfiguration section */

/* Begin XCConfigurationList section */
		4CAB9AE029FDD81C005A9076 /* Build configuration list for PBXProject "Kujira" */ = {
			isa = XCConfigurationList;
			buildConfigurations = (
				4CAB9B0829FDD81F005A9076 /* Debug */,
				4CAB9B0929FDD81F005A9076 /* Release */,
			);
			defaultConfigurationIsVisible = 0;
			defaultConfigurationName = Release;
		};
		4CAB9B0A29FDD81F005A9076 /* Build configuration list for PBXNativeTarget "Kujira" */ = {
			isa = XCConfigurationList;
			buildConfigurations = (
				4CAB9B0B29FDD81F005A9076 /* Debug */,
				4CAB9B0C29FDD81F005A9076 /* Release */,
			);
			defaultConfigurationIsVisible = 0;
			defaultConfigurationName = Release;
		};
		4CAB9B0D29FDD81F005A9076 /* Build configuration list for PBXNativeTarget "KujiraTests" */ = {
			isa = XCConfigurationList;
			buildConfigurations = (
				4CAB9B0E29FDD81F005A9076 /* Debug */,
				4CAB9B0F29FDD81F005A9076 /* Release */,
			);
			defaultConfigurationIsVisible = 0;
			defaultConfigurationName = Release;
		};
		4CAB9B1029FDD81F005A9076 /* Build configuration list for PBXNativeTarget "KujiraUITests" */ = {
			isa = XCConfigurationList;
			buildConfigurations = (
				4CAB9B1129FDD81F005A9076 /* Debug */,
				4CAB9B1229FDD81F005A9076 /* Release */,
			);
			defaultConfigurationIsVisible = 0;
			defaultConfigurationName = Release;
		};
/* End XCConfigurationList section */

/* Begin XCRemoteSwiftPackageReference section */
		4CAB9B1329FDD8DF005A9076 /* XCRemoteSwiftPackageReference "swift-composable-architecture" */ = {
			isa = XCRemoteSwiftPackageReference;
			repositoryURL = "https://github.com/pointfreeco/swift-composable-architecture";
			requirement = {
				kind = upToNextMajorVersion;
				minimumVersion = 0.52.0;
			};
		};
/* End XCRemoteSwiftPackageReference section */

/* Begin XCSwiftPackageProductDependency section */
		4CAB9B1429FDD8DF005A9076 /* ComposableArchitecture */ = {
			isa = XCSwiftPackageProductDependency;
			package = 4CAB9B1329FDD8DF005A9076 /* XCRemoteSwiftPackageReference "swift-composable-architecture" */;
			productName = ComposableArchitecture;
		};
/* End XCSwiftPackageProductDependency section */
	};
	rootObject = 4CAB9ADD29FDD81C005A9076 /* Project object */;
}
